<?xml version="1.0" encoding="UTF-8" standalone="yes" ?>
<CodeBlocks_project_file>
	<FileVersion major="1" minor="6" />
	<Project>
		<Option title="snake_opengl" />
		<Option pch_mode="2" />
		<Option compiler="gcc" />
		<Build>
			<Target title="Debug">
				<Option output="bin/Debug/snake_opengl" prefix_auto="1" extension_auto="1" />
				<Option object_output="obj/Debug/" />
				<Option type="1" />
				<Option compiler="gcc" />
				<Compiler>
					<Add option="-std=c++11" />
					<Add option="-g" />
					<Add directory="include" />
				</Compiler>
				<Linker>
					<Add library="sfml-window" />
					<Add library="sfml-system" />
					<Add library="sfml-graphics" />
					<Add library="GL" />
					<Add library="GLEW" />
					<Add library="X11" />
				</Linker>
			</Target>
			<Target title="Release">
				<Option output="bin/Release/snake_opengl" prefix_auto="1" extension_auto="1" />
				<Option object_output="obj/Release/" />
				<Option type="1" />
				<Option compiler="gcc" />
				<Compiler>
					<Add option="-O2" />
					<Add directory="include" />
				</Compiler>
				<Linker>
					<Add option="-s" />
				</Linker>
			</Target>
		</Build>
		<Compiler>
			<Add option="-Wall" />
		</Compiler>
		<Unit filename="include/Shader.h" />
		<Unit filename="include/rawModel.h" />
		<Unit filename="include/water.h" />
		<Unit filename="shaders/water.frag" />
		<Unit filename="shaders/water.vert" />
		<Unit filename="src/Shader.cpp" />
		<Unit filename="src/main.cpp" />
		<Unit filename="src/rawModel.cpp" />
		<Unit filename="src/water.cpp" />
		<Extensions>
			<code_completion />
			<envvars />
			<lib_finder disable_auto="1" />
			<debugger />
		</Extensions>
	</Project>
</CodeBlocks_project_file>
